<Solution>
  <Project Path="EFCoreExperements.Core/EFCoreExperements.Core.csproj" Id="f86a9403-1d4d-4a48-9b4d-1f5ba94df180" />
  <Project Path="EFCoreExperements.Filler/EFCoreExperements.Filler.csproj" />
  <Project Path="EFCoreExperements.Getter/EFCoreExperements.Getter.csproj" Id="3f30c024-9acc-4ce0-b915-1ec551bc11c4" />
</Solution>
